<?xml version="1.0" encoding="utf-8"?>
<Project ToolsVersion="4.0" xmlns="http://schemas.microsoft.com/developer/msbuild/2003">
  <ItemGroup>
    <Filter Include="源文件">
      <UniqueIdentifier>{4FC737F1-C7A5-4376-A066-2A32D752A2FF}</UniqueIdentifier>
      <Extensions>cpp;c;cc;cxx;c++;cppm;ixx;def;odl;idl;hpj;bat;asm;asmx</Extensions>
    </Filter>
    <Filter Include="头文件">
      <UniqueIdentifier>{93995380-89BD-4b04-88EB-625FBE52EBFB}</UniqueIdentifier>
      <Extensions>h;hh;hpp;hxx;h++;hm;inl;inc;ipp;xsd</Extensions>
    </Filter>
    <Filter Include="资源文件">
      <UniqueIdentifier>{67DA6AB6-F800-4c08-8B7A-83BB121AAD01}</UniqueIdentifier>
      <Extensions>rc;ico;cur;bmp;dlg;rc2;rct;bin;rgs;gif;jpg;jpeg;jpe;resx;tiff;tif;png;wav;mfcribbon-ms</Extensions>
    </Filter>
  </ItemGroup>
  <ItemGroup>
    <ClInclude Include="framework.h">
      <Filter>头文件</Filter>
    </ClInclude>
    <ClInclude Include="targetver.h">
      <Filter>头文件</Filter>
    </ClInclude>
    <ClInclude Include="Resource.h">
      <Filter>头文件</Filter>
    </ClInclude>
    <ClInclude Include="新伪心跳.h">
      <Filter>头文件</Filter>
    </ClInclude>
    <ClInclude Include="PacketParser.h">
      <Filter>头文件</Filter>
    </ClInclude>
    <ClInclude Include="PacketCollector.h">
      <Filter>头文件</Filter>
    </ClInclude>
    <ClInclude Include="imgui\imgui.h">
      <Filter>头文件</Filter>
    </ClInclude>
    <ClInclude Include="DatabaseManager.h">
      <Filter>头文件</Filter>
    </ClInclude>
    <ClInclude Include="sqlite\sqlite3.h">
      <Filter>头文件</Filter>
    </ClInclude>
    <ClInclude Include="Logger.h">
      <Filter>头文件</Filter>
    </ClInclude>
    <ClInclude Include="TcpFileServer.h">
      <Filter>头文件</Filter>
    </ClInclude>
    <ClInclude Include="TcpFileClient.h">
      <Filter>头文件</Filter>
    </ClInclude>
    <ClInclude Include="FileTransferProtocol.h">
      <Filter>头文件</Filter>
    </ClInclude>
    <ClInclude Include="HttpApiServer.h">
      <Filter>头文件</Filter>
    </ClInclude>
    <ClInclude Include="GameSessionApiServer.h">
      <Filter>头文件</Filter>
    </ClInclude>
    <ClInclude Include="GlobalAntiCCCoordinator.h">
      <Filter>头文件</Filter>
    </ClInclude>
    <ClInclude Include="AntiCC.h">
      <Filter>头文件</Filter>
    </ClInclude>
    <ClInclude Include="IOCPThreadPool.h">
      <Filter>头文件</Filter>
    </ClInclude>
    <ClInclude Include="DisconnectRuleEngine.h">
      <Filter>头文件</Filter>
    </ClInclude>
    <ClInclude Include="DisconnectRuleTypes.h">
      <Filter>头文件</Filter>
    </ClInclude>
    <ClInclude Include="HexFilter.h">
      <Filter>头文件</Filter>
    </ClInclude>
    <ClInclude Include="WhitelistThreadPool.h">
      <Filter>头文件</Filter>
    </ClInclude>
    <ClInclude Include="WPECloudSync.h">
      <Filter>头文件</Filter>
    </ClInclude>
    <ClInclude Include="WPEFilter.h">
      <Filter>头文件</Filter>
    </ClInclude>
    <ClInclude Include="CloudIntegration.h">
      <Filter>头文件</Filter>
    </ClInclude>
    <ClInclude Include="CloudSecurityEnhancement.h">
      <Filter>头文件</Filter>
    </ClInclude>
    <ClInclude Include="CustomEncoding.h">
      <Filter>头文件</Filter>
    </ClInclude>
    <ClInclude Include="SProtectSelfCheck.h">
      <Filter>头文件</Filter>
    </ClInclude>
    <ClInclude Include="TinyAES.h">
      <Filter>头文件</Filter>
    </ClInclude>
    <ClInclude Include="PoolQueryServer.h">
      <Filter>头文件</Filter>
    </ClInclude>
    <ClInclude Include="RemoteBrowserServer.h">
      <Filter>头文件</Filter>
    </ClInclude>
    <ClInclude Include="SSLMitmContext.h">
      <Filter>头文件</Filter>
    </ClInclude>
  </ItemGroup>
  <ItemGroup>
    <ClCompile Include="新伪心跳.cpp">
      <Filter>源文件</Filter>
    </ClCompile>
    <ClCompile Include="PacketParser.cpp">
      <Filter>源文件</Filter>
    </ClCompile>
    <ClCompile Include="PacketCollector.cpp">
      <Filter>源文件</Filter>
    </ClCompile>
    <ClCompile Include="imgui\backends\imgui_impl_dx11.cpp">
      <Filter>源文件</Filter>
    </ClCompile>
    <ClCompile Include="imgui\backends\imgui_impl_win32.cpp">
      <Filter>源文件</Filter>
    </ClCompile>
    <ClCompile Include="imgui\imgui_demo.cpp">
      <Filter>源文件</Filter>
    </ClCompile>
    <ClCompile Include="imgui\imgui_draw.cpp">
      <Filter>源文件</Filter>
    </ClCompile>
    <ClCompile Include="imgui\imgui_tables.cpp">
      <Filter>源文件</Filter>
    </ClCompile>
    <ClCompile Include="imgui\imgui_widgets.cpp">
      <Filter>源文件</Filter>
    </ClCompile>
    <ClCompile Include="imgui\imgui.cpp">
      <Filter>源文件</Filter>
    </ClCompile>
    <ClCompile Include="DatabaseManager.cpp">
      <Filter>源文件</Filter>
    </ClCompile>
    <ClCompile Include="sqlite\sqlite3.c">
      <Filter>源文件</Filter>
    </ClCompile>
    <ClCompile Include="Logger.cpp">
      <Filter>源文件</Filter>
    </ClCompile>
    <ClCompile Include="t3data\HTTPSession.cpp">
      <Filter>源文件</Filter>
    </ClCompile>
    <ClCompile Include="TcpFileServer.cpp">
      <Filter>源文件</Filter>
    </ClCompile>
    <ClCompile Include="TcpFileClient.cpp">
      <Filter>源文件</Filter>
    </ClCompile>
    <ClCompile Include="HttpApiServer.cpp">
      <Filter>源文件</Filter>
    </ClCompile>
    <ClCompile Include="GameSessionApiServer.cpp">
      <Filter>源文件</Filter>
    </ClCompile>
    <ClCompile Include="GlobalAntiCCCoordinator.cpp">
      <Filter>源文件</Filter>
    </ClCompile>
    <ClCompile Include="AntiCC.cpp">
      <Filter>源文件</Filter>
    </ClCompile>
    <ClCompile Include="IOCPThreadPool.cpp">
      <Filter>源文件</Filter>
    </ClCompile>
    <ClCompile Include="DisconnectRuleEngine.cpp">
      <Filter>源文件</Filter>
    </ClCompile>
    <ClCompile Include="DisconnectRuleTypes.cpp">
      <Filter>源文件</Filter>
    </ClCompile>
    <ClCompile Include="HexFilter.cpp">
      <Filter>源文件</Filter>
    </ClCompile>
    <ClCompile Include="WhitelistThreadPool.cpp">
      <Filter>源文件</Filter>
    </ClCompile>
    <ClCompile Include="WPECloudSync.cpp">
      <Filter>源文件</Filter>
    </ClCompile>
    <ClCompile Include="WPEFilter.cpp">
      <Filter>源文件</Filter>
    </ClCompile>
    <ClCompile Include="CloudIntegration.cpp">
      <Filter>源文件</Filter>
    </ClCompile>
    <ClCompile Include="CloudSecurityEnhancement.cpp">
      <Filter>源文件</Filter>
    </ClCompile>
    <ClCompile Include="CustomEncoding.cpp">
      <Filter>源文件</Filter>
    </ClCompile>
    <ClCompile Include="SProtectSelfCheck.cpp">
      <Filter>源文件</Filter>
    </ClCompile>
    <ClCompile Include="TinyAES.cpp">
      <Filter>源文件</Filter>
    </ClCompile>
    <ClCompile Include="PoolQueryServer.cpp">
      <Filter>源文件</Filter>
    </ClCompile>
    <ClCompile Include="RemoteBrowserServer.cpp">
      <Filter>源文件</Filter>
    </ClCompile>
    <ClCompile Include="SSLMitmContext.cpp">
      <Filter>源文件</Filter>
    </ClCompile>
  </ItemGroup>
  <ItemGroup>
    <ResourceCompile Include="新伪心跳.rc">
      <Filter>资源文件</Filter>
    </ResourceCompile>
  </ItemGroup>
  <ItemGroup>
    <Image Include="small.ico">
      <Filter>资源文件</Filter>
    </Image>
    <Image Include="新伪心跳.ico">
      <Filter>资源文件</Filter>
    </Image>
  </ItemGroup>
</Project>
